
Microsoft Visual Studio Solution File, Format Version 12.00
# Visual Studio Version 17
VisualStudioVersion = 17.2.32526.322
MinimumVisualStudioVersion = 10.0.40219.1
Project("{9A19103F-16F7-4668-BE54-9A1E7A4F7556}") = "ApiSample", "ApiSample\ApiSample.csproj", "{C0F5A1F9-DFB2-4CCC-9FA9-4BDCC5E7CC13}"
EndProject
Global
	GlobalSection(SolutionConfigurationPlatforms) = preSolution
		Debug|Any CPU = Debug|Any CPU
		Release|Any CPU = Release|Any CPU
	EndGlobalSection
	GlobalSection(ProjectConfigurationPlatforms) = postSolution
		{C0F5A1F9-DFB2-4CCC-9FA9-4BDCC5E7CC13}.Debug|Any CPU.ActiveCfg = Debug|Any CPU
		{C0F5A1F9-DFB2-4CCC-9FA9-4BDCC5E7CC13}.Debug|Any CPU.Build.0 = Debug|Any CPU
		{C0F5A1F9-DFB2-4CCC-9FA9-4BDCC5E7CC13}.Release|Any CPU.ActiveCfg = Release|Any CPU
		{C0F5A1F9-DFB2-4CCC-9FA9-4BDCC5E7CC13}.Release|Any CPU.Build.0 = Release|Any CPU
	EndGlobalSection
	GlobalSection(SolutionProperties) = preSolution
		HideSolutionNode = FALSE
	EndGlobalSection
	GlobalSection(ExtensibilityGlobals) = postSolution
		SolutionGuid = {EEF893F8-5180-429E-8237-403E85EAFC93}
	EndGlobalSection
EndGlobal
